
Microsoft Visual Studio Solution File, Format Version 12.00
# Visual Studio Version 17
VisualStudioVersion = 17.8.34408.163
MinimumVisualStudioVersion = 10.0.40219.1
Project("{2150E333-8FDC-42A3-9474-1A3956D46DE8}") = "Domain", "Domain", "{45DB4065-7599-4F4C-826F-4EB4DBD766E0}"
EndProject
Project("{2150E333-8FDC-42A3-9474-1A3956D46DE8}") = "Infra.Bus", "Infra.Bus", "{5A1AB418-EF52-4585-8B45-A14185A8CAC3}"
EndProject
Project("{2150E333-8FDC-42A3-9474-1A3956D46DE8}") = "Infra.IoC", "Infra.IoC", "{F36B9EB6-BE7D-41D9-B934-7AE8EE68B6FB}"
EndProject
Project("{2150E333-8FDC-42A3-9474-1A3956D46DE8}") = "Microsservices", "Microsservices", "{8B0C8B98-FD17-450F-8F3C-308FA8C52E59}"
EndProject
Project("{2150E333-8FDC-42A3-9474-1A3956D46DE8}") = "Presentation", "Presentation", "{32B68234-59EC-4FF0-B975-F4F2130EBAB6}"
EndProject
Project("{FAE04EC0-301F-11D3-BF4B-00C04F79EFBC}") = "MicroRabbit.Domain.Core", "MicroRabbit.Domain.Core\MicroRabbit.Domain.Core.csproj", "{8207727D-604B-4BC6-BC1D-734C29E63F17}"
EndProject
Project("{FAE04EC0-301F-11D3-BF4B-00C04F79EFBC}") = "MicroRabbit.Infra.Bus", "MicroRabbit.Infra.Bus\MicroRabbit.Infra.Bus.csproj", "{549B11D4-587C-443B-9DD3-B43D67D13EC3}"
EndProject
Global
	GlobalSection(SolutionConfigurationPlatforms) = preSolution
		Debug|Any CPU = Debug|Any CPU
		Release|Any CPU = Release|Any CPU
	EndGlobalSection
	GlobalSection(ProjectConfigurationPlatforms) = postSolution
		{8207727D-604B-4BC6-BC1D-734C29E63F17}.Debug|Any CPU.ActiveCfg = Debug|Any CPU
		{8207727D-604B-4BC6-BC1D-734C29E63F17}.Debug|Any CPU.Build.0 = Debug|Any CPU
		{8207727D-604B-4BC6-BC1D-734C29E63F17}.Release|Any CPU.ActiveCfg = Release|Any CPU
		{8207727D-604B-4BC6-BC1D-734C29E63F17}.Release|Any CPU.Build.0 = Release|Any CPU
		{549B11D4-587C-443B-9DD3-B43D67D13EC3}.Debug|Any CPU.ActiveCfg = Debug|Any CPU
		{549B11D4-587C-443B-9DD3-B43D67D13EC3}.Debug|Any CPU.Build.0 = Debug|Any CPU
		{549B11D4-587C-443B-9DD3-B43D67D13EC3}.Release|Any CPU.ActiveCfg = Release|Any CPU
		{549B11D4-587C-443B-9DD3-B43D67D13EC3}.Release|Any CPU.Build.0 = Release|Any CPU
	EndGlobalSection
	GlobalSection(SolutionProperties) = preSolution
		HideSolutionNode = FALSE
	EndGlobalSection
	GlobalSection(NestedProjects) = preSolution
		{8207727D-604B-4BC6-BC1D-734C29E63F17} = {45DB4065-7599-4F4C-826F-4EB4DBD766E0}
		{549B11D4-587C-443B-9DD3-B43D67D13EC3} = {5A1AB418-EF52-4585-8B45-A14185A8CAC3}
	EndGlobalSection
	GlobalSection(ExtensibilityGlobals) = postSolution
		SolutionGuid = {D3599709-D386-4795-9A27-4443A3C45E07}
	EndGlobalSection
EndGlobal
