
Microsoft Visual Studio Solution File, Format Version 12.00
# Visual Studio Version 17
VisualStudioVersion = 17.8.34408.163
MinimumVisualStudioVersion = 10.0.40219.1
Project("{2150E333-8FDC-42A3-9474-1A3956D46DE8}") = "Domain", "Domain", "{45DB4065-7599-4F4C-826F-4EB4DBD766E0}"
EndProject
Project("{2150E333-8FDC-42A3-9474-1A3956D46DE8}") = "Infra.Bus", "Infra.Bus", "{5A1AB418-EF52-4585-8B45-A14185A8CAC3}"
EndProject
Project("{2150E333-8FDC-42A3-9474-1A3956D46DE8}") = "Infra.IoC", "Infra.IoC", "{F36B9EB6-BE7D-41D9-B934-7AE8EE68B6FB}"
EndProject
Project("{2150E333-8FDC-42A3-9474-1A3956D46DE8}") = "Microsservices", "Microsservices", "{8B0C8B98-FD17-450F-8F3C-308FA8C52E59}"
EndProject
Project("{9A19103F-16F7-4668-BE54-9A1E7A4F7556}") = "MicroRabbit.Domain.Core", "MicroRabbit.Domain.Core\MicroRabbit.Domain.Core.csproj", "{8207727D-604B-4BC6-BC1D-734C29E63F17}"
EndProject
Project("{9A19103F-16F7-4668-BE54-9A1E7A4F7556}") = "MicroRabbit.Infra.Bus", "MicroRabbit.Infra.Bus\MicroRabbit.Infra.Bus.csproj", "{549B11D4-587C-443B-9DD3-B43D67D13EC3}"
EndProject
Project("{9A19103F-16F7-4668-BE54-9A1E7A4F7556}") = "MicroRabbit.Infra.IoC", "MicroRabbit.Infra.IoC\MicroRabbit.Infra.IoC.csproj", "{04620724-A872-4352-ABF7-226EA96AEF1A}"
EndProject
Project("{2150E333-8FDC-42A3-9474-1A3956D46DE8}") = "Banking", "Banking", "{05FC505D-050A-43F7-9A64-A4326B6BEE69}"
EndProject
Project("{2150E333-8FDC-42A3-9474-1A3956D46DE8}") = "Domain", "Domain", "{18006D75-A600-4B3C-9115-925AFB2057FC}"
EndProject
Project("{2150E333-8FDC-42A3-9474-1A3956D46DE8}") = "Application", "Application", "{0DB067BD-AF66-4085-9225-8AF11FD37D16}"
EndProject
Project("{2150E333-8FDC-42A3-9474-1A3956D46DE8}") = "Data", "Data", "{D268E405-EEBE-496C-9C9F-9F772CD71BDA}"
EndProject
Project("{9A19103F-16F7-4668-BE54-9A1E7A4F7556}") = "MicroRabbit.Banking.Application", "MicroRabbit.Banking.Application\MicroRabbit.Banking.Application.csproj", "{7DA2CF32-C417-4EAB-BC5D-7E6C0E72AB4F}"
EndProject
Project("{9A19103F-16F7-4668-BE54-9A1E7A4F7556}") = "MicroRabbit.Banking.Data", "MicroRabbit.Banking.Data\MicroRabbit.Banking.Data.csproj", "{A1AB0632-26ED-41F2-B3C1-FD1ABA07B12F}"
EndProject
Project("{9A19103F-16F7-4668-BE54-9A1E7A4F7556}") = "MicroRabbit.Banking.Domain", "MicroRabbit.Banking.Domain\MicroRabbit.Banking.Domain.csproj", "{589D622E-E7FD-4F11-A3C8-3EED5CCEA4A7}"
EndProject
Project("{2150E333-8FDC-42A3-9474-1A3956D46DE8}") = "Api", "Api", "{21A32560-8A2F-4A63-90A6-A5FFC57BEF7D}"
EndProject
Project("{9A19103F-16F7-4668-BE54-9A1E7A4F7556}") = "MicroRabbit.Banking.API", "MicroRabbit.Banking.API\MicroRabbit.Banking.API.csproj", "{E8F2EBB2-171A-489D-9FB6-6FD36449F57B}"
EndProject
Project("{2150E333-8FDC-42A3-9474-1A3956D46DE8}") = "Transfer", "Transfer", "{3C3089F5-589A-4768-ABEA-E74CEAA92275}"
EndProject
Project("{2150E333-8FDC-42A3-9474-1A3956D46DE8}") = "Api", "Api", "{91B4AAE4-4EFB-49C6-86A7-EF839455F692}"
EndProject
Project("{2150E333-8FDC-42A3-9474-1A3956D46DE8}") = "Application", "Application", "{FEFCC262-72E5-402E-9C28-714D3CB14D5A}"
EndProject
Project("{2150E333-8FDC-42A3-9474-1A3956D46DE8}") = "Data", "Data", "{1056415E-AE37-4354-B01C-94867A6D6CF2}"
EndProject
Project("{2150E333-8FDC-42A3-9474-1A3956D46DE8}") = "Domain", "Domain", "{69EADC1E-5192-41E6-9F84-EC0434B20958}"
EndProject
Project("{9A19103F-16F7-4668-BE54-9A1E7A4F7556}") = "MicroRabbit.Transfer.Api", "MicroRabbit.Transfer.Api\MicroRabbit.Transfer.Api.csproj", "{A6016C32-46A1-4250-B5C8-5EF361F1854D}"
EndProject
Project("{9A19103F-16F7-4668-BE54-9A1E7A4F7556}") = "MicroRabbit.Transfer.Application", "MicroRabbit.Transfer.Application\MicroRabbit.Transfer.Application.csproj", "{2F1B2611-720E-4DF2-8C72-84727F204D55}"
EndProject
Project("{9A19103F-16F7-4668-BE54-9A1E7A4F7556}") = "MicroRabbit.Transfer.Domain", "MicroRabbit.Transfer.Domain\MicroRabbit.Transfer.Domain.csproj", "{2B16B01A-E670-4B94-A7CA-D573D87E24DB}"
EndProject
Project("{9A19103F-16F7-4668-BE54-9A1E7A4F7556}") = "MIcroRabbit.Transfer.Data", "MIcroRabbit.Transfer.Data\MIcroRabbit.Transfer.Data.csproj", "{DC906FF4-9206-425E-B703-8306876E0167}"
EndProject
Project("{2150E333-8FDC-42A3-9474-1A3956D46DE8}") = "Presentation", "Presentation", "{0619773A-2ECD-4E9C-8FF4-3553CCA20495}"
EndProject
Project("{FAE04EC0-301F-11D3-BF4B-00C04F79EFBC}") = "MicroRabbit.MVC", "MicroRabbit.MVC1\MicroRabbit.MVC.csproj", "{AA6A44F8-EE77-4B28-8FD2-8699DF713CA2}"
EndProject
Global
	GlobalSection(SolutionConfigurationPlatforms) = preSolution
		Debug|Any CPU = Debug|Any CPU
		Release|Any CPU = Release|Any CPU
	EndGlobalSection
	GlobalSection(ProjectConfigurationPlatforms) = postSolution
		{8207727D-604B-4BC6-BC1D-734C29E63F17}.Debug|Any CPU.ActiveCfg = Debug|Any CPU
		{8207727D-604B-4BC6-BC1D-734C29E63F17}.Debug|Any CPU.Build.0 = Debug|Any CPU
		{8207727D-604B-4BC6-BC1D-734C29E63F17}.Release|Any CPU.ActiveCfg = Release|Any CPU
		{8207727D-604B-4BC6-BC1D-734C29E63F17}.Release|Any CPU.Build.0 = Release|Any CPU
		{549B11D4-587C-443B-9DD3-B43D67D13EC3}.Debug|Any CPU.ActiveCfg = Debug|Any CPU
		{549B11D4-587C-443B-9DD3-B43D67D13EC3}.Debug|Any CPU.Build.0 = Debug|Any CPU
		{549B11D4-587C-443B-9DD3-B43D67D13EC3}.Release|Any CPU.ActiveCfg = Release|Any CPU
		{549B11D4-587C-443B-9DD3-B43D67D13EC3}.Release|Any CPU.Build.0 = Release|Any CPU
		{04620724-A872-4352-ABF7-226EA96AEF1A}.Debug|Any CPU.ActiveCfg = Debug|Any CPU
		{04620724-A872-4352-ABF7-226EA96AEF1A}.Debug|Any CPU.Build.0 = Debug|Any CPU
		{04620724-A872-4352-ABF7-226EA96AEF1A}.Release|Any CPU.ActiveCfg = Release|Any CPU
		{04620724-A872-4352-ABF7-226EA96AEF1A}.Release|Any CPU.Build.0 = Release|Any CPU
		{7DA2CF32-C417-4EAB-BC5D-7E6C0E72AB4F}.Debug|Any CPU.ActiveCfg = Debug|Any CPU
		{7DA2CF32-C417-4EAB-BC5D-7E6C0E72AB4F}.Debug|Any CPU.Build.0 = Debug|Any CPU
		{7DA2CF32-C417-4EAB-BC5D-7E6C0E72AB4F}.Release|Any CPU.ActiveCfg = Release|Any CPU
		{7DA2CF32-C417-4EAB-BC5D-7E6C0E72AB4F}.Release|Any CPU.Build.0 = Release|Any CPU
		{A1AB0632-26ED-41F2-B3C1-FD1ABA07B12F}.Debug|Any CPU.ActiveCfg = Debug|Any CPU
		{A1AB0632-26ED-41F2-B3C1-FD1ABA07B12F}.Debug|Any CPU.Build.0 = Debug|Any CPU
		{A1AB0632-26ED-41F2-B3C1-FD1ABA07B12F}.Release|Any CPU.ActiveCfg = Release|Any CPU
		{A1AB0632-26ED-41F2-B3C1-FD1ABA07B12F}.Release|Any CPU.Build.0 = Release|Any CPU
		{589D622E-E7FD-4F11-A3C8-3EED5CCEA4A7}.Debug|Any CPU.ActiveCfg = Debug|Any CPU
		{589D622E-E7FD-4F11-A3C8-3EED5CCEA4A7}.Debug|Any CPU.Build.0 = Debug|Any CPU
		{589D622E-E7FD-4F11-A3C8-3EED5CCEA4A7}.Release|Any CPU.ActiveCfg = Release|Any CPU
		{589D622E-E7FD-4F11-A3C8-3EED5CCEA4A7}.Release|Any CPU.Build.0 = Release|Any CPU
		{E8F2EBB2-171A-489D-9FB6-6FD36449F57B}.Debug|Any CPU.ActiveCfg = Debug|Any CPU
		{E8F2EBB2-171A-489D-9FB6-6FD36449F57B}.Debug|Any CPU.Build.0 = Debug|Any CPU
		{E8F2EBB2-171A-489D-9FB6-6FD36449F57B}.Release|Any CPU.ActiveCfg = Release|Any CPU
		{E8F2EBB2-171A-489D-9FB6-6FD36449F57B}.Release|Any CPU.Build.0 = Release|Any CPU
		{A6016C32-46A1-4250-B5C8-5EF361F1854D}.Debug|Any CPU.ActiveCfg = Debug|Any CPU
		{A6016C32-46A1-4250-B5C8-5EF361F1854D}.Debug|Any CPU.Build.0 = Debug|Any CPU
		{A6016C32-46A1-4250-B5C8-5EF361F1854D}.Release|Any CPU.ActiveCfg = Release|Any CPU
		{A6016C32-46A1-4250-B5C8-5EF361F1854D}.Release|Any CPU.Build.0 = Release|Any CPU
		{2F1B2611-720E-4DF2-8C72-84727F204D55}.Debug|Any CPU.ActiveCfg = Debug|Any CPU
		{2F1B2611-720E-4DF2-8C72-84727F204D55}.Debug|Any CPU.Build.0 = Debug|Any CPU
		{2F1B2611-720E-4DF2-8C72-84727F204D55}.Release|Any CPU.ActiveCfg = Release|Any CPU
		{2F1B2611-720E-4DF2-8C72-84727F204D55}.Release|Any CPU.Build.0 = Release|Any CPU
		{2B16B01A-E670-4B94-A7CA-D573D87E24DB}.Debug|Any CPU.ActiveCfg = Debug|Any CPU
		{2B16B01A-E670-4B94-A7CA-D573D87E24DB}.Debug|Any CPU.Build.0 = Debug|Any CPU
		{2B16B01A-E670-4B94-A7CA-D573D87E24DB}.Release|Any CPU.ActiveCfg = Release|Any CPU
		{2B16B01A-E670-4B94-A7CA-D573D87E24DB}.Release|Any CPU.Build.0 = Release|Any CPU
		{DC906FF4-9206-425E-B703-8306876E0167}.Debug|Any CPU.ActiveCfg = Debug|Any CPU
		{DC906FF4-9206-425E-B703-8306876E0167}.Debug|Any CPU.Build.0 = Debug|Any CPU
		{DC906FF4-9206-425E-B703-8306876E0167}.Release|Any CPU.ActiveCfg = Release|Any CPU
		{DC906FF4-9206-425E-B703-8306876E0167}.Release|Any CPU.Build.0 = Release|Any CPU
		{AA6A44F8-EE77-4B28-8FD2-8699DF713CA2}.Debug|Any CPU.ActiveCfg = Debug|Any CPU
		{AA6A44F8-EE77-4B28-8FD2-8699DF713CA2}.Debug|Any CPU.Build.0 = Debug|Any CPU
		{AA6A44F8-EE77-4B28-8FD2-8699DF713CA2}.Release|Any CPU.ActiveCfg = Release|Any CPU
		{AA6A44F8-EE77-4B28-8FD2-8699DF713CA2}.Release|Any CPU.Build.0 = Release|Any CPU
	EndGlobalSection
	GlobalSection(SolutionProperties) = preSolution
		HideSolutionNode = FALSE
	EndGlobalSection
	GlobalSection(NestedProjects) = preSolution
		{8207727D-604B-4BC6-BC1D-734C29E63F17} = {45DB4065-7599-4F4C-826F-4EB4DBD766E0}
		{549B11D4-587C-443B-9DD3-B43D67D13EC3} = {5A1AB418-EF52-4585-8B45-A14185A8CAC3}
		{04620724-A872-4352-ABF7-226EA96AEF1A} = {F36B9EB6-BE7D-41D9-B934-7AE8EE68B6FB}
		{05FC505D-050A-43F7-9A64-A4326B6BEE69} = {8B0C8B98-FD17-450F-8F3C-308FA8C52E59}
		{18006D75-A600-4B3C-9115-925AFB2057FC} = {05FC505D-050A-43F7-9A64-A4326B6BEE69}
		{0DB067BD-AF66-4085-9225-8AF11FD37D16} = {05FC505D-050A-43F7-9A64-A4326B6BEE69}
		{D268E405-EEBE-496C-9C9F-9F772CD71BDA} = {05FC505D-050A-43F7-9A64-A4326B6BEE69}
		{7DA2CF32-C417-4EAB-BC5D-7E6C0E72AB4F} = {0DB067BD-AF66-4085-9225-8AF11FD37D16}
		{A1AB0632-26ED-41F2-B3C1-FD1ABA07B12F} = {D268E405-EEBE-496C-9C9F-9F772CD71BDA}
		{589D622E-E7FD-4F11-A3C8-3EED5CCEA4A7} = {18006D75-A600-4B3C-9115-925AFB2057FC}
		{21A32560-8A2F-4A63-90A6-A5FFC57BEF7D} = {05FC505D-050A-43F7-9A64-A4326B6BEE69}
		{E8F2EBB2-171A-489D-9FB6-6FD36449F57B} = {21A32560-8A2F-4A63-90A6-A5FFC57BEF7D}
		{3C3089F5-589A-4768-ABEA-E74CEAA92275} = {8B0C8B98-FD17-450F-8F3C-308FA8C52E59}
		{91B4AAE4-4EFB-49C6-86A7-EF839455F692} = {3C3089F5-589A-4768-ABEA-E74CEAA92275}
		{FEFCC262-72E5-402E-9C28-714D3CB14D5A} = {3C3089F5-589A-4768-ABEA-E74CEAA92275}
		{1056415E-AE37-4354-B01C-94867A6D6CF2} = {3C3089F5-589A-4768-ABEA-E74CEAA92275}
		{69EADC1E-5192-41E6-9F84-EC0434B20958} = {3C3089F5-589A-4768-ABEA-E74CEAA92275}
		{A6016C32-46A1-4250-B5C8-5EF361F1854D} = {91B4AAE4-4EFB-49C6-86A7-EF839455F692}
		{2F1B2611-720E-4DF2-8C72-84727F204D55} = {FEFCC262-72E5-402E-9C28-714D3CB14D5A}
		{2B16B01A-E670-4B94-A7CA-D573D87E24DB} = {69EADC1E-5192-41E6-9F84-EC0434B20958}
		{DC906FF4-9206-425E-B703-8306876E0167} = {1056415E-AE37-4354-B01C-94867A6D6CF2}
		{AA6A44F8-EE77-4B28-8FD2-8699DF713CA2} = {0619773A-2ECD-4E9C-8FF4-3553CCA20495}
	EndGlobalSection
	GlobalSection(ExtensibilityGlobals) = postSolution
		SolutionGuid = {D3599709-D386-4795-9A27-4443A3C45E07}
	EndGlobalSection
EndGlobal
